
Microsoft Visual Studio Solution File, Format Version 12.00
# Visual Studio 2013
VisualStudioVersion = 12.0.30501.0
MinimumVisualStudioVersion = 10.0.40219.1
Project("{FAE04EC0-301F-11D3-BF4B-00C04F79EFBC}") = "Task1", "Task1\Task1.csproj", "{949AF62E-67DB-426E-8570-207045280492}"
EndProject
Project("{FAE04EC0-301F-11D3-BF4B-00C04F79EFBC}") = "Task2", "Task2\Task2.csproj", "{9882AC38-3272-4A2C-A180-31974AF8E46C}"
EndProject
Project("{FAE04EC0-301F-11D3-BF4B-00C04F79EFBC}") = "Task5", "Task5\Task5.csproj", "{223DD6B6-5402-40D6-88AD-79D26A1B0A34}"
EndProject
Project("{FAE04EC0-301F-11D3-BF4B-00C04F79EFBC}") = "Task3", "Task3\Task3.csproj", "{D92EFAF3-E52B-4340-A019-C3540451C08F}"
EndProject
Project("{FAE04EC0-301F-11D3-BF4B-00C04F79EFBC}") = "Task4", "Task4\Task4.csproj", "{685EB9A5-5620-4719-92FA-C6AAD8B225D9}"
EndProject
Global
	GlobalSection(SolutionConfigurationPlatforms) = preSolution
		Debug|Any CPU = Debug|Any CPU
		Release|Any CPU = Release|Any CPU
	EndGlobalSection
	GlobalSection(ProjectConfigurationPlatforms) = postSolution
		{949AF62E-67DB-426E-8570-207045280492}.Debug|Any CPU.ActiveCfg = Debug|Any CPU
		{949AF62E-67DB-426E-8570-207045280492}.Debug|Any CPU.Build.0 = Debug|Any CPU
		{949AF62E-67DB-426E-8570-207045280492}.Release|Any CPU.ActiveCfg = Release|Any CPU
		{949AF62E-67DB-426E-8570-207045280492}.Release|Any CPU.Build.0 = Release|Any CPU
		{9882AC38-3272-4A2C-A180-31974AF8E46C}.Debug|Any CPU.ActiveCfg = Debug|Any CPU
		{9882AC38-3272-4A2C-A180-31974AF8E46C}.Debug|Any CPU.Build.0 = Debug|Any CPU
		{9882AC38-3272-4A2C-A180-31974AF8E46C}.Release|Any CPU.ActiveCfg = Release|Any CPU
		{9882AC38-3272-4A2C-A180-31974AF8E46C}.Release|Any CPU.Build.0 = Release|Any CPU
		{223DD6B6-5402-40D6-88AD-79D26A1B0A34}.Debug|Any CPU.ActiveCfg = Debug|Any CPU
		{223DD6B6-5402-40D6-88AD-79D26A1B0A34}.Debug|Any CPU.Build.0 = Debug|Any CPU
		{223DD6B6-5402-40D6-88AD-79D26A1B0A34}.Release|Any CPU.ActiveCfg = Release|Any CPU
		{223DD6B6-5402-40D6-88AD-79D26A1B0A34}.Release|Any CPU.Build.0 = Release|Any CPU
		{D92EFAF3-E52B-4340-A019-C3540451C08F}.Debug|Any CPU.ActiveCfg = Debug|Any CPU
		{D92EFAF3-E52B-4340-A019-C3540451C08F}.Debug|Any CPU.Build.0 = Debug|Any CPU
		{D92EFAF3-E52B-4340-A019-C3540451C08F}.Release|Any CPU.ActiveCfg = Release|Any CPU
		{D92EFAF3-E52B-4340-A019-C3540451C08F}.Release|Any CPU.Build.0 = Release|Any CPU
		{685EB9A5-5620-4719-92FA-C6AAD8B225D9}.Debug|Any CPU.ActiveCfg = Debug|Any CPU
		{685EB9A5-5620-4719-92FA-C6AAD8B225D9}.Debug|Any CPU.Build.0 = Debug|Any CPU
		{685EB9A5-5620-4719-92FA-C6AAD8B225D9}.Release|Any CPU.ActiveCfg = Release|Any CPU
		{685EB9A5-5620-4719-92FA-C6AAD8B225D9}.Release|Any CPU.Build.0 = Release|Any CPU
	EndGlobalSection
	GlobalSection(SolutionProperties) = preSolution
		HideSolutionNode = FALSE
	EndGlobalSection
EndGlobal
